// !$*UTF8*$!
{
	archiveVersion = 1;
	classes = {
	};
	objectVersion = 55;
	objects = {

/* Begin PBXBuildFile section */
		01C6C6E86B67AAABF74EBD3D /* RxCocoa.framework in Embed Frameworks */ = {isa = PBXBuildFile; fileRef = 5D7A507BDF59628D39B2C9C9 /* RxCocoa.framework */; platformFilter = ios; settings = {ATTRIBUTES = (CodeSignOnCopy, RemoveHeadersOnCopy, ); }; };
		0A56CF35AF942A07F576A6C2 /* HeadLine.swift in Sources */ = {isa = PBXBuildFile; fileRef = E82AA4D03EA3E3E44A2F0F37 /* HeadLine.swift */; };
		0B3578791B9F89A78E79F6F3 /* SearchHomeViewModel.swift in Sources */ = {isa = PBXBuildFile; fileRef = EF40972A3065EF5830D23924 /* SearchHomeViewModel.swift */; };
		13418E908E60A058C8B3BE5F /* Offer.storyboard in Resources */ = {isa = PBXBuildFile; fileRef = 218A1B4408794647643A31B6 /* Offer.storyboard */; };
		140EFF9501909DFEDFAE4B46 /* SearchHome.swift in Sources */ = {isa = PBXBuildFile; fileRef = 71E81E711FA2281EC0A79FDA /* SearchHome.swift */; };
		178BCAA3C7498EEC337F9C9D /* MyPageViewController.swift in Sources */ = {isa = PBXBuildFile; fileRef = 5C655CE46B3D55582A6253A4 /* MyPageViewController.swift */; };
		28E1C02FB4780ED96279C14B /* AppDelegate.swift in Sources */ = {isa = PBXBuildFile; fileRef = 1D66A49FC1FA55EF605CE615 /* AppDelegate.swift */; };
		2DB63EFEC6C814AA3C38BE32 /* MyPageSettingViewController.swift in Sources */ = {isa = PBXBuildFile; fileRef = F057345DFA74AC7DF88784EF /* MyPageSettingViewController.swift */; };
		30A27A24CA6CA205AC578A28 /* HeadPageKit in Frameworks */ = {isa = PBXBuildFile; productRef = E5151EC7C11CCF61499A4DEB /* HeadPageKit */; };
		3305EE7D3F092E410DAF1105 /* Ex+UIView.swift in Sources */ = {isa = PBXBuildFile; fileRef = 27E4F20CBB71774622D1C64A /* Ex+UIView.swift */; };
		35F42EB21E7915E4CB8C17AA /* LaunchScreen.storyboard in Resources */ = {isa = PBXBuildFile; fileRef = 938126F3BDB9BCF20B4E3A81 /* LaunchScreen.storyboard */; };
		39E091CB14F5A685FAAAC4BA /* Main.storyboard in Resources */ = {isa = PBXBuildFile; fileRef = 371E10D9880CA638629D00FE /* Main.storyboard */; };
		3BAB200B0BC34EA132E3A85D /* TagListView in Frameworks */ = {isa = PBXBuildFile; productRef = E5F2EDEF25C740F0356F5BD1 /* TagListView */; };
		3EC7F16D48523CFF572EE56E /* JobGroupTableViewCell.swift in Sources */ = {isa = PBXBuildFile; fileRef = 8A66A41C03188C87EA175C5C /* JobGroupTableViewCell.swift */; };
		474079232D626E8622B5B03A /* RxRelay.framework in Embed Frameworks */ = {isa = PBXBuildFile; fileRef = 8309CA32DB6C16C39E28AC7A /* RxRelay.framework */; platformFilter = ios; settings = {ATTRIBUTES = (CodeSignOnCopy, RemoveHeadersOnCopy, ); }; };
		49538D72406939C01203A9E1 /* MypageSetting.storyboard in Resources */ = {isa = PBXBuildFile; fileRef = 55F0B72389653E8585005FF7 /* MypageSetting.storyboard */; };
		4B9988707E1BBF5ECD8859BC /* OfferDetailViewController.swift in Sources */ = {isa = PBXBuildFile; fileRef = 4B2CC0AC235CB7621CA79FB1 /* OfferDetailViewController.swift */; };
		4E66327B132742533E4A3F01 /* OfferViewController.swift in Sources */ = {isa = PBXBuildFile; fileRef = 59C6A54FBF8B80A60DF15AF6 /* OfferViewController.swift */; };
		501FA72EDE4F3A428DD06927 /* MyPageListTableViewCell.swift in Sources */ = {isa = PBXBuildFile; fileRef = 450D84CEE8D6531B1A3175D0 /* MyPageListTableViewCell.swift */; };
		5265454670D66BB040CE5931 /* InfiniteLayout in Frameworks */ = {isa = PBXBuildFile; productRef = DA6C0E76CDD2058056CCED19 /* InfiniteLayout */; };
		560B62A4244CF8FBCC6C790B /* JobGroupViewController.swift in Sources */ = {isa = PBXBuildFile; fileRef = 9CDF22B8C6A72B5266B735D8 /* JobGroupViewController.swift */; };
		5F66553C0D8BFCDB19310C74 /* MentoringMockData.SearchHome.HeadLine.json in Resources */ = {isa = PBXBuildFile; fileRef = 26809D55DAFE7B14093912F5 /* MentoringMockData.SearchHome.HeadLine.json */; };
		66C867EA894891B614D832C2 /* RxCocoaRuntime.framework in Embed Frameworks */ = {isa = PBXBuildFile; fileRef = 80E0A951EEB20AFB7C9B68B0 /* RxCocoaRuntime.framework */; platformFilter = ios; settings = {ATTRIBUTES = (CodeSignOnCopy, RemoveHeadersOnCopy, ); }; };
		6C157A6F285B298B004D0A3A /* HeadLineViewCell.swift in Sources */ = {isa = PBXBuildFile; fileRef = 6C157A6D285B298B004D0A3A /* HeadLineViewCell.swift */; };
		6C157A70285B298B004D0A3A /* HeadLineViewCell.xib in Resources */ = {isa = PBXBuildFile; fileRef = 6C157A6E285B298B004D0A3A /* HeadLineViewCell.xib */; };
		6C157A75285B647C004D0A3A /* InfinityCollectionViewCell.swift in Sources */ = {isa = PBXBuildFile; fileRef = 6C157A73285B647C004D0A3A /* InfinityCollectionViewCell.swift */; };
		6C157A76285B647C004D0A3A /* InfinityCollectionViewCell.xib in Resources */ = {isa = PBXBuildFile; fileRef = 6C157A74285B647C004D0A3A /* InfinityCollectionViewCell.xib */; };
		745F5C0FD8B9F5B136896B6E /* ProfileFirstTableViewCell.swift in Sources */ = {isa = PBXBuildFile; fileRef = 42D2267E8B1F23274AD6D7AD /* ProfileFirstTableViewCell.swift */; };
		858B43625EE2640551471EE5 /* SearchHomeViewController.swift in Sources */ = {isa = PBXBuildFile; fileRef = 63E56C7EBB52F93142E76A5C /* SearchHomeViewController.swift */; };
		89D4BC87391B5BF81B62ECF9 /* SearchHomeHeaderView.swift in Sources */ = {isa = PBXBuildFile; fileRef = 265F011003443EAA42CB8AC7 /* SearchHomeHeaderView.swift */; };
		8A0D09C8D813E2438056A8E3 /* Ex+UITableView.swift in Sources */ = {isa = PBXBuildFile; fileRef = 01BE773DF5271D2D24805398 /* Ex+UITableView.swift */; };
		8F023C805AE850CA0745F836 /* UnderLineTextField in Frameworks */ = {isa = PBXBuildFile; productRef = 83DAD738632442B36EB224D9 /* UnderLineTextField */; };
		9174FA9593FB478A61860EE1 /* SearchHomeHeaderView.xib in Resources */ = {isa = PBXBuildFile; fileRef = 475E25C7E0C972CC50E55672 /* SearchHomeHeaderView.xib */; };
		95ADD894E6D48A182880F954 /* OfferTableViewCell.swift in Sources */ = {isa = PBXBuildFile; fileRef = 0DE71E150EC456B4CF1B8F26 /* OfferTableViewCell.swift */; };
		95C9A5B3A1E3F4FDC50AB418 /* NavigationView.swift in Sources */ = {isa = PBXBuildFile; fileRef = CB212F46870CC24B886DD5B8 /* NavigationView.swift */; };
		9C411963958A45D404A34D57 /* RxSwift.framework in Frameworks */ = {isa = PBXBuildFile; fileRef = E0BD5DD2958896EECE7E4E0C /* RxSwift.framework */; platformFilter = ios; };
		9DF4E45FA8F1C0CDBA108DC1 /* TuistBundle+JobPlanetMyPage.swift in Sources */ = {isa = PBXBuildFile; fileRef = 7746319FD82F3E1350FCA564 /* TuistBundle+JobPlanetMyPage.swift */; };
		A818CE5561DF0E4878BA3F97 /* SearchHomeHeaderRankCell.xib in Resources */ = {isa = PBXBuildFile; fileRef = EB486353823C5631FC59B931 /* SearchHomeHeaderRankCell.xib */; };
		AB65C112DB4144DF12BB0975 /* CellDataProtocol.swift in Sources */ = {isa = PBXBuildFile; fileRef = D11721477868C46E12FA169E /* CellDataProtocol.swift */; };
		AC04BCC8389DB100D19CA7C3 /* Ex+UIViewController.swift in Sources */ = {isa = PBXBuildFile; fileRef = 0740E1F303D957966C7CF937 /* Ex+UIViewController.swift */; };
		AC3E37FEC79FC0895BAFBE02 /* TuistAssets+JobPlanetMyPage.swift in Sources */ = {isa = PBXBuildFile; fileRef = 38227F335D6853723D04F948 /* TuistAssets+JobPlanetMyPage.swift */; };
		AF3DA291638A627A01FEB9FB /* RxCocoa.framework in Frameworks */ = {isa = PBXBuildFile; fileRef = 5D7A507BDF59628D39B2C9C9 /* RxCocoa.framework */; platformFilter = ios; };
		AF41ED97E74569E2D1CB1F37 /* RxSwift.framework in Embed Frameworks */ = {isa = PBXBuildFile; fileRef = E0BD5DD2958896EECE7E4E0C /* RxSwift.framework */; platformFilter = ios; settings = {ATTRIBUTES = (CodeSignOnCopy, RemoveHeadersOnCopy, ); }; };
		B64852286A36E18A4927F38C /* MentoringMockData.SearchHome.Ranking.json in Resources */ = {isa = PBXBuildFile; fileRef = 2046346DC2CE234B84CFE755 /* MentoringMockData.SearchHome.Ranking.json */; };
		BC9952EB41951002ABABE598 /* MentoringMockData.swift in Sources */ = {isa = PBXBuildFile; fileRef = 183934B919B48B47DFE80275 /* MentoringMockData.swift */; };
		BDB119032FB2F371FD528A47 /* SearchHomeRepostiory.swift in Sources */ = {isa = PBXBuildFile; fileRef = 28DA0B8CC73309DD7027D670 /* SearchHomeRepostiory.swift */; };
		BEC2194F4A08A0A2FA6CE713 /* APIKit.swift in Sources */ = {isa = PBXBuildFile; fileRef = FCF109EAC74D79F16F85358D /* APIKit.swift */; };
		C4D3F2AFE8CB0B58F2FB10EF /* JobGroup.storyboard in Resources */ = {isa = PBXBuildFile; fileRef = 2518B42C890F04483018C0B9 /* JobGroup.storyboard */; };
		C65DCABC3D9CCE7882E36C65 /* SearchHomeHeaderRankCell.swift in Sources */ = {isa = PBXBuildFile; fileRef = 48C0AA7382F9E17BCEEE8FCF /* SearchHomeHeaderRankCell.swift */; };
		C99E3A3A0A5FEBA729FB28B9 /* GrayTableViewCell.swift in Sources */ = {isa = PBXBuildFile; fileRef = 682B96789A463262AF1D02DA /* GrayTableViewCell.swift */; };
		E2A7C470272397E76DEFD875 /* NavigationView.xib in Resources */ = {isa = PBXBuildFile; fileRef = 9936976770FDCCBABB450DA7 /* NavigationView.xib */; };
		ED962EE1FE6677C54B454878 /* DesignView.swift in Sources */ = {isa = PBXBuildFile; fileRef = 4B92275D3F7D6D3EC5ED2DD5 /* DesignView.swift */; };
		F6B859BC92858F2ADCED497B /* Assets.xcassets in Resources */ = {isa = PBXBuildFile; fileRef = CB7C9F4E81B55D0380E164AC /* Assets.xcassets */; };
/* End PBXBuildFile section */

/* Begin PBXCopyFilesBuildPhase section */
		A3D5418A92BCD2A7D5158100 /* Embed Frameworks */ = {
			isa = PBXCopyFilesBuildPhase;
			buildActionMask = 2147483647;
			dstPath = "";
			dstSubfolderSpec = 10;
			files = (
				01C6C6E86B67AAABF74EBD3D /* RxCocoa.framework in Embed Frameworks */,
				66C867EA894891B614D832C2 /* RxCocoaRuntime.framework in Embed Frameworks */,
				474079232D626E8622B5B03A /* RxRelay.framework in Embed Frameworks */,
				AF41ED97E74569E2D1CB1F37 /* RxSwift.framework in Embed Frameworks */,
			);
			name = "Embed Frameworks";
			runOnlyForDeploymentPostprocessing = 0;
		};
/* End PBXCopyFilesBuildPhase section */

/* Begin PBXFileReference section */
		01BE773DF5271D2D24805398 /* Ex+UITableView.swift */ = {isa = PBXFileReference; lastKnownFileType = sourcecode.swift; path = "Ex+UITableView.swift"; sourceTree = "<group>"; };
		0740E1F303D957966C7CF937 /* Ex+UIViewController.swift */ = {isa = PBXFileReference; lastKnownFileType = sourcecode.swift; path = "Ex+UIViewController.swift"; sourceTree = "<group>"; };
		0DE71E150EC456B4CF1B8F26 /* OfferTableViewCell.swift */ = {isa = PBXFileReference; lastKnownFileType = sourcecode.swift; path = OfferTableViewCell.swift; sourceTree = "<group>"; };
		183934B919B48B47DFE80275 /* MentoringMockData.swift */ = {isa = PBXFileReference; lastKnownFileType = sourcecode.swift; path = MentoringMockData.swift; sourceTree = "<group>"; };
		1D66A49FC1FA55EF605CE615 /* AppDelegate.swift */ = {isa = PBXFileReference; lastKnownFileType = sourcecode.swift; path = AppDelegate.swift; sourceTree = "<group>"; };
		2046346DC2CE234B84CFE755 /* MentoringMockData.SearchHome.Ranking.json */ = {isa = PBXFileReference; lastKnownFileType = text.json; path = MentoringMockData.SearchHome.Ranking.json; sourceTree = "<group>"; };
		218A1B4408794647643A31B6 /* Offer.storyboard */ = {isa = PBXFileReference; lastKnownFileType = file.storyboard; path = Offer.storyboard; sourceTree = "<group>"; };
		2518B42C890F04483018C0B9 /* JobGroup.storyboard */ = {isa = PBXFileReference; lastKnownFileType = file.storyboard; path = JobGroup.storyboard; sourceTree = "<group>"; };
		265F011003443EAA42CB8AC7 /* SearchHomeHeaderView.swift */ = {isa = PBXFileReference; lastKnownFileType = sourcecode.swift; path = SearchHomeHeaderView.swift; sourceTree = "<group>"; };
		26809D55DAFE7B14093912F5 /* MentoringMockData.SearchHome.HeadLine.json */ = {isa = PBXFileReference; lastKnownFileType = text.json; path = MentoringMockData.SearchHome.HeadLine.json; sourceTree = "<group>"; };
		27E4F20CBB71774622D1C64A /* Ex+UIView.swift */ = {isa = PBXFileReference; lastKnownFileType = sourcecode.swift; path = "Ex+UIView.swift"; sourceTree = "<group>"; };
		28DA0B8CC73309DD7027D670 /* SearchHomeRepostiory.swift */ = {isa = PBXFileReference; lastKnownFileType = sourcecode.swift; path = SearchHomeRepostiory.swift; sourceTree = "<group>"; };
		38227F335D6853723D04F948 /* TuistAssets+JobPlanetMyPage.swift */ = {isa = PBXFileReference; lastKnownFileType = sourcecode.swift; path = "TuistAssets+JobPlanetMyPage.swift"; sourceTree = "<group>"; };
		42D2267E8B1F23274AD6D7AD /* ProfileFirstTableViewCell.swift */ = {isa = PBXFileReference; lastKnownFileType = sourcecode.swift; path = ProfileFirstTableViewCell.swift; sourceTree = "<group>"; };
		450D84CEE8D6531B1A3175D0 /* MyPageListTableViewCell.swift */ = {isa = PBXFileReference; lastKnownFileType = sourcecode.swift; path = MyPageListTableViewCell.swift; sourceTree = "<group>"; };
		4667C0A5F23DC9C1962FC97E /* Base */ = {isa = PBXFileReference; lastKnownFileType = file.storyboard; name = Base; path = Base.lproj/Main.storyboard; sourceTree = "<group>"; };
		475E25C7E0C972CC50E55672 /* SearchHomeHeaderView.xib */ = {isa = PBXFileReference; lastKnownFileType = file.xib; path = SearchHomeHeaderView.xib; sourceTree = "<group>"; };
		48C0AA7382F9E17BCEEE8FCF /* SearchHomeHeaderRankCell.swift */ = {isa = PBXFileReference; lastKnownFileType = sourcecode.swift; path = SearchHomeHeaderRankCell.swift; sourceTree = "<group>"; };
		4B2CC0AC235CB7621CA79FB1 /* OfferDetailViewController.swift */ = {isa = PBXFileReference; lastKnownFileType = sourcecode.swift; path = OfferDetailViewController.swift; sourceTree = "<group>"; };
		4B92275D3F7D6D3EC5ED2DD5 /* DesignView.swift */ = {isa = PBXFileReference; lastKnownFileType = sourcecode.swift; path = DesignView.swift; sourceTree = "<group>"; };
		5481CCD21EB4933DC54F54C7 /* JobPlanetMyPage.app */ = {isa = PBXFileReference; explicitFileType = wrapper.application; includeInIndex = 0; path = JobPlanetMyPage.app; sourceTree = BUILT_PRODUCTS_DIR; };
		55F0B72389653E8585005FF7 /* MypageSetting.storyboard */ = {isa = PBXFileReference; lastKnownFileType = file.storyboard; path = MypageSetting.storyboard; sourceTree = "<group>"; };
		59C6A54FBF8B80A60DF15AF6 /* OfferViewController.swift */ = {isa = PBXFileReference; lastKnownFileType = sourcecode.swift; path = OfferViewController.swift; sourceTree = "<group>"; };
		5C655CE46B3D55582A6253A4 /* MyPageViewController.swift */ = {isa = PBXFileReference; lastKnownFileType = sourcecode.swift; path = MyPageViewController.swift; sourceTree = "<group>"; };
		5D7A507BDF59628D39B2C9C9 /* RxCocoa.framework */ = {isa = PBXFileReference; explicitFileType = wrapper.framework; includeInIndex = 0; path = RxCocoa.framework; sourceTree = BUILT_PRODUCTS_DIR; };
		63E56C7EBB52F93142E76A5C /* SearchHomeViewController.swift */ = {isa = PBXFileReference; lastKnownFileType = sourcecode.swift; path = SearchHomeViewController.swift; sourceTree = "<group>"; };
		682B96789A463262AF1D02DA /* GrayTableViewCell.swift */ = {isa = PBXFileReference; lastKnownFileType = sourcecode.swift; path = GrayTableViewCell.swift; sourceTree = "<group>"; };
		6C157A6D285B298B004D0A3A /* HeadLineViewCell.swift */ = {isa = PBXFileReference; lastKnownFileType = sourcecode.swift; path = HeadLineViewCell.swift; sourceTree = "<group>"; };
		6C157A6E285B298B004D0A3A /* HeadLineViewCell.xib */ = {isa = PBXFileReference; lastKnownFileType = file.xib; path = HeadLineViewCell.xib; sourceTree = "<group>"; };
		6C157A73285B647C004D0A3A /* InfinityCollectionViewCell.swift */ = {isa = PBXFileReference; lastKnownFileType = sourcecode.swift; path = InfinityCollectionViewCell.swift; sourceTree = "<group>"; };
		6C157A74285B647C004D0A3A /* InfinityCollectionViewCell.xib */ = {isa = PBXFileReference; lastKnownFileType = file.xib; path = InfinityCollectionViewCell.xib; sourceTree = "<group>"; };
		71E81E711FA2281EC0A79FDA /* SearchHome.swift */ = {isa = PBXFileReference; lastKnownFileType = sourcecode.swift; path = SearchHome.swift; sourceTree = "<group>"; };
		7746319FD82F3E1350FCA564 /* TuistBundle+JobPlanetMyPage.swift */ = {isa = PBXFileReference; lastKnownFileType = sourcecode.swift; path = "TuistBundle+JobPlanetMyPage.swift"; sourceTree = "<group>"; };
		80E0A951EEB20AFB7C9B68B0 /* RxCocoaRuntime.framework */ = {isa = PBXFileReference; explicitFileType = wrapper.framework; includeInIndex = 0; path = RxCocoaRuntime.framework; sourceTree = BUILT_PRODUCTS_DIR; };
		8309CA32DB6C16C39E28AC7A /* RxRelay.framework */ = {isa = PBXFileReference; explicitFileType = wrapper.framework; includeInIndex = 0; path = RxRelay.framework; sourceTree = BUILT_PRODUCTS_DIR; };
		8A66A41C03188C87EA175C5C /* JobGroupTableViewCell.swift */ = {isa = PBXFileReference; lastKnownFileType = sourcecode.swift; path = JobGroupTableViewCell.swift; sourceTree = "<group>"; };
		9936976770FDCCBABB450DA7 /* NavigationView.xib */ = {isa = PBXFileReference; lastKnownFileType = file.xib; path = NavigationView.xib; sourceTree = "<group>"; };
		9CDF22B8C6A72B5266B735D8 /* JobGroupViewController.swift */ = {isa = PBXFileReference; lastKnownFileType = sourcecode.swift; path = JobGroupViewController.swift; sourceTree = "<group>"; };
		B39F315AEC6836BE878618FD /* TagListView */ = {isa = PBXFileReference; lastKnownFileType = folder; name = TagListView; path = vendor/TagListView; sourceTree = "<group>"; };
		C25BB1C71A7EE5C962F8AEFC /* Base */ = {isa = PBXFileReference; lastKnownFileType = file.storyboard; name = Base; path = Base.lproj/LaunchScreen.storyboard; sourceTree = "<group>"; };
		C6E4A324C3D1D4D9B6FE1A82 /* Info.plist */ = {isa = PBXFileReference; lastKnownFileType = text.plist; path = Info.plist; sourceTree = "<group>"; };
		C6E74BBC525463CDAF86DE9A /* UnderLineTextField */ = {isa = PBXFileReference; lastKnownFileType = folder; name = UnderLineTextField; path = vendor/UnderLineTextField; sourceTree = "<group>"; };
		CB212F46870CC24B886DD5B8 /* NavigationView.swift */ = {isa = PBXFileReference; lastKnownFileType = sourcecode.swift; path = NavigationView.swift; sourceTree = "<group>"; };
		CB7C9F4E81B55D0380E164AC /* Assets.xcassets */ = {isa = PBXFileReference; lastKnownFileType = folder.assetcatalog; path = Assets.xcassets; sourceTree = "<group>"; };
		D11721477868C46E12FA169E /* CellDataProtocol.swift */ = {isa = PBXFileReference; lastKnownFileType = sourcecode.swift; path = CellDataProtocol.swift; sourceTree = "<group>"; };
		E0BD5DD2958896EECE7E4E0C /* RxSwift.framework */ = {isa = PBXFileReference; explicitFileType = wrapper.framework; includeInIndex = 0; path = RxSwift.framework; sourceTree = BUILT_PRODUCTS_DIR; };
		E82AA4D03EA3E3E44A2F0F37 /* HeadLine.swift */ = {isa = PBXFileReference; lastKnownFileType = sourcecode.swift; path = HeadLine.swift; sourceTree = "<group>"; };
		EB486353823C5631FC59B931 /* SearchHomeHeaderRankCell.xib */ = {isa = PBXFileReference; lastKnownFileType = file.xib; path = SearchHomeHeaderRankCell.xib; sourceTree = "<group>"; };
		EF40972A3065EF5830D23924 /* SearchHomeViewModel.swift */ = {isa = PBXFileReference; lastKnownFileType = sourcecode.swift; path = SearchHomeViewModel.swift; sourceTree = "<group>"; };
		F057345DFA74AC7DF88784EF /* MyPageSettingViewController.swift */ = {isa = PBXFileReference; lastKnownFileType = sourcecode.swift; path = MyPageSettingViewController.swift; sourceTree = "<group>"; };
		FCF109EAC74D79F16F85358D /* APIKit.swift */ = {isa = PBXFileReference; lastKnownFileType = sourcecode.swift; path = APIKit.swift; sourceTree = "<group>"; };
/* End PBXFileReference section */

/* Begin PBXFrameworksBuildPhase section */
		83598098FF6822383AF8970E /* Frameworks */ = {
			isa = PBXFrameworksBuildPhase;
			buildActionMask = 2147483647;
			files = (
				AF3DA291638A627A01FEB9FB /* RxCocoa.framework in Frameworks */,
				9C411963958A45D404A34D57 /* RxSwift.framework in Frameworks */,
				5265454670D66BB040CE5931 /* InfiniteLayout in Frameworks */,
				30A27A24CA6CA205AC578A28 /* HeadPageKit in Frameworks */,
				3BAB200B0BC34EA132E3A85D /* TagListView in Frameworks */,
				8F023C805AE850CA0745F836 /* UnderLineTextField in Frameworks */,
			);
			runOnlyForDeploymentPostprocessing = 0;
		};
/* End PBXFrameworksBuildPhase section */

/* Begin PBXGroup section */
		1809F66EA1051F67065F65C5 /* NavigationView */ = {
			isa = PBXGroup;
			children = (
				CB212F46870CC24B886DD5B8 /* NavigationView.swift */,
				9936976770FDCCBABB450DA7 /* NavigationView.xib */,
			);
			path = NavigationView;
			sourceTree = "<group>";
		};
		27F89323891B44E9F046225D /* Frameworks */ = {
			isa = PBXGroup;
			children = (
			);
			name = Frameworks;
			sourceTree = "<group>";
		};
		2F9AD00E12C1C82CEA881271 /* Sources */ = {
			isa = PBXGroup;
			children = (
				38227F335D6853723D04F948 /* TuistAssets+JobPlanetMyPage.swift */,
				7746319FD82F3E1350FCA564 /* TuistBundle+JobPlanetMyPage.swift */,
			);
			path = Sources;
			sourceTree = "<group>";
		};
		3264883507A96D69D46CAFFE /* Derived */ = {
			isa = PBXGroup;
			children = (
				2F9AD00E12C1C82CEA881271 /* Sources */,
			);
			path = Derived;
			sourceTree = "<group>";
		};
		38E10BA9982795D3ED7A7258 /* Support Files */ = {
			isa = PBXGroup;
			children = (
				938126F3BDB9BCF20B4E3A81 /* LaunchScreen.storyboard */,
				CB7C9F4E81B55D0380E164AC /* Assets.xcassets */,
				C6E4A324C3D1D4D9B6FE1A82 /* Info.plist */,
			);
			path = "Support Files";
			sourceTree = "<group>";
		};
		473668EDF08FC160F585B1B5 /* View */ = {
			isa = PBXGroup;
			children = (
				4B92275D3F7D6D3EC5ED2DD5 /* DesignView.swift */,
			);
			path = View;
			sourceTree = "<group>";
		};
		480A8FA864829BC7BF7C36F8 /* MyPage */ = {
			isa = PBXGroup;
			children = (
				60BFE7462DB9B532937F10A3 /* Cell */,
				55F0B72389653E8585005FF7 /* MypageSetting.storyboard */,
				F057345DFA74AC7DF88784EF /* MyPageSettingViewController.swift */,
				5C655CE46B3D55582A6253A4 /* MyPageViewController.swift */,
			);
			path = MyPage;
			sourceTree = "<group>";
		};
		48E47FE20B08C7DA5CD5F604 /* JobGroupSatisfaction */ = {
			isa = PBXGroup;
			children = (
				2518B42C890F04483018C0B9 /* JobGroup.storyboard */,
				8A66A41C03188C87EA175C5C /* JobGroupTableViewCell.swift */,
				9CDF22B8C6A72B5266B735D8 /* JobGroupViewController.swift */,
			);
			path = JobGroupSatisfaction;
			sourceTree = "<group>";
		};
		60BFE7462DB9B532937F10A3 /* Cell */ = {
			isa = PBXGroup;
			children = (
				D11721477868C46E12FA169E /* CellDataProtocol.swift */,
				682B96789A463262AF1D02DA /* GrayTableViewCell.swift */,
				450D84CEE8D6531B1A3175D0 /* MyPageListTableViewCell.swift */,
				42D2267E8B1F23274AD6D7AD /* ProfileFirstTableViewCell.swift */,
			);
			path = Cell;
			sourceTree = "<group>";
		};
		6AA973163F2A951BCAC3EA53 /* Project */ = {
			isa = PBXGroup;
			children = (
				3264883507A96D69D46CAFFE /* Derived */,
				9DD40526FC7C51E5DC94E8CE /* JobPlanetMyPage */,
			);
			name = Project;
			sourceTree = "<group>";
		};
		6C157A77285B6E5E004D0A3A /* HeadLine */ = {
			isa = PBXGroup;
			children = (
				6C157A6D285B298B004D0A3A /* HeadLineViewCell.swift */,
				6C157A73285B647C004D0A3A /* InfinityCollectionViewCell.swift */,
				6C157A74285B647C004D0A3A /* InfinityCollectionViewCell.xib */,
				6C157A6E285B298B004D0A3A /* HeadLineViewCell.xib */,
			);
			path = HeadLine;
			sourceTree = "<group>";
		};
		72062069B446A27541B5BB4A /* Helper */ = {
			isa = PBXGroup;
			children = (
				AFCC200BEC4B2672855C6ED1 /* APIKit */,
				9BF87058AD8C53454417FF86 /* Ex */,
				473668EDF08FC160F585B1B5 /* View */,
			);
			path = Helper;
			sourceTree = "<group>";
		};
		785FEC0CC2067F6F805BEE39 /* HeaderRank */ = {
			isa = PBXGroup;
			children = (
				48C0AA7382F9E17BCEEE8FCF /* SearchHomeHeaderRankCell.swift */,
				EB486353823C5631FC59B931 /* SearchHomeHeaderRankCell.xib */,
				265F011003443EAA42CB8AC7 /* SearchHomeHeaderView.swift */,
				475E25C7E0C972CC50E55672 /* SearchHomeHeaderView.xib */,
				EF40972A3065EF5830D23924 /* SearchHomeViewModel.swift */,
			);
			path = HeaderRank;
			sourceTree = "<group>";
		};
		913D7A166A3EC3A088A1883A = {
			isa = PBXGroup;
			children = (
				6AA973163F2A951BCAC3EA53 /* Project */,
				27F89323891B44E9F046225D /* Frameworks */,
				B0EC0DE4410F045B4663F755 /* Products */,
				C6E74BBC525463CDAF86DE9A /* UnderLineTextField */,
				B39F315AEC6836BE878618FD /* TagListView */,
			);
			sourceTree = "<group>";
		};
		9541C00F65DD9024A63D6AD1 /* Offer */ = {
			isa = PBXGroup;
			children = (
				218A1B4408794647643A31B6 /* Offer.storyboard */,
				4B2CC0AC235CB7621CA79FB1 /* OfferDetailViewController.swift */,
				0DE71E150EC456B4CF1B8F26 /* OfferTableViewCell.swift */,
				59C6A54FBF8B80A60DF15AF6 /* OfferViewController.swift */,
			);
			path = Offer;
			sourceTree = "<group>";
		};
		9BF87058AD8C53454417FF86 /* Ex */ = {
			isa = PBXGroup;
			children = (
				01BE773DF5271D2D24805398 /* Ex+UITableView.swift */,
				27E4F20CBB71774622D1C64A /* Ex+UIView.swift */,
				0740E1F303D957966C7CF937 /* Ex+UIViewController.swift */,
			);
			path = Ex;
			sourceTree = "<group>";
		};
		9DD40526FC7C51E5DC94E8CE /* JobPlanetMyPage */ = {
			isa = PBXGroup;
			children = (
				785FEC0CC2067F6F805BEE39 /* HeaderRank */,
				72062069B446A27541B5BB4A /* Helper */,
				E5ACCCAA4D92BC54B94A5AFB /* Home */,
				48E47FE20B08C7DA5CD5F604 /* JobGroupSatisfaction */,
				371E10D9880CA638629D00FE /* Main.storyboard */,
				480A8FA864829BC7BF7C36F8 /* MyPage */,
				1809F66EA1051F67065F65C5 /* NavigationView */,
				9541C00F65DD9024A63D6AD1 /* Offer */,
				38E10BA9982795D3ED7A7258 /* Support Files */,
				1D66A49FC1FA55EF605CE615 /* AppDelegate.swift */,
			);
			path = JobPlanetMyPage;
			sourceTree = "<group>";
		};
		AFCC200BEC4B2672855C6ED1 /* APIKit */ = {
			isa = PBXGroup;
			children = (
				FCF109EAC74D79F16F85358D /* APIKit.swift */,
			);
			path = APIKit;
			sourceTree = "<group>";
		};
		B0EC0DE4410F045B4663F755 /* Products */ = {
			isa = PBXGroup;
			children = (
				5481CCD21EB4933DC54F54C7 /* JobPlanetMyPage.app */,
				5D7A507BDF59628D39B2C9C9 /* RxCocoa.framework */,
				80E0A951EEB20AFB7C9B68B0 /* RxCocoaRuntime.framework */,
				8309CA32DB6C16C39E28AC7A /* RxRelay.framework */,
				E0BD5DD2958896EECE7E4E0C /* RxSwift.framework */,
			);
			name = Products;
			sourceTree = "<group>";
		};
		DB19E8CCB94AC4E0F100B136 /* MockData */ = {
			isa = PBXGroup;
			children = (
				26809D55DAFE7B14093912F5 /* MentoringMockData.SearchHome.HeadLine.json */,
				2046346DC2CE234B84CFE755 /* MentoringMockData.SearchHome.Ranking.json */,
				183934B919B48B47DFE80275 /* MentoringMockData.swift */,
			);
			path = MockData;
			sourceTree = "<group>";
		};
		E5ACCCAA4D92BC54B94A5AFB /* Home */ = {
			isa = PBXGroup;
			children = (
				6C157A77285B6E5E004D0A3A /* HeadLine */,
				EB4A2308AD769842D8BFA3D4 /* Entity */,
				F155E773CAADD5F26A20B84C /* Repository */,
				63E56C7EBB52F93142E76A5C /* SearchHomeViewController.swift */,
			);
			path = Home;
			sourceTree = "<group>";
		};
		EB4A2308AD769842D8BFA3D4 /* Entity */ = {
			isa = PBXGroup;
			children = (
				E82AA4D03EA3E3E44A2F0F37 /* HeadLine.swift */,
				71E81E711FA2281EC0A79FDA /* SearchHome.swift */,
			);
			path = Entity;
			sourceTree = "<group>";
		};
		F155E773CAADD5F26A20B84C /* Repository */ = {
			isa = PBXGroup;
			children = (
				DB19E8CCB94AC4E0F100B136 /* MockData */,
				28DA0B8CC73309DD7027D670 /* SearchHomeRepostiory.swift */,
			);
			path = Repository;
			sourceTree = "<group>";
		};
/* End PBXGroup section */

/* Begin PBXNativeTarget section */
		8EC4FEC6160BFFA2DE607628 /* JobPlanetMyPage */ = {
			isa = PBXNativeTarget;
			buildConfigurationList = 4D5F9E222B4052DB685FC761 /* Build configuration list for PBXNativeTarget "JobPlanetMyPage" */;
			buildPhases = (
				B101C9644A80AE9253D2E442 /* Sources */,
				F6158691CCC7AE686B848A21 /* Resources */,
				A3D5418A92BCD2A7D5158100 /* Embed Frameworks */,
				83598098FF6822383AF8970E /* Frameworks */,
			);
			buildRules = (
			);
			dependencies = (
			);
			name = JobPlanetMyPage;
			packageProductDependencies = (
				DA6C0E76CDD2058056CCED19 /* InfiniteLayout */,
				E5151EC7C11CCF61499A4DEB /* HeadPageKit */,
				E5F2EDEF25C740F0356F5BD1 /* TagListView */,
				83DAD738632442B36EB224D9 /* UnderLineTextField */,
			);
			productName = JobPlanetMyPage;
			productReference = 5481CCD21EB4933DC54F54C7 /* JobPlanetMyPage.app */;
			productType = "com.apple.product-type.application";
		};
/* End PBXNativeTarget section */

/* Begin PBXProject section */
		3B8798044B4D4CE9E8472034 /* Project object */ = {
			isa = PBXProject;
			attributes = {
				ORGANIZATIONNAME = JobPlanetMyPage;
			};
			buildConfigurationList = FC1D8D8BA106ADC093FB4B81 /* Build configuration list for PBXProject "JobPlanetMyPage" */;
			compatibilityVersion = "Xcode 13.0";
			developmentRegion = en;
			hasScannedForEncodings = 0;
			knownRegions = (
				Base,
				en,
			);
			mainGroup = 913D7A166A3EC3A088A1883A;
			packageReferences = (
				6DF35957A84060007D88DF42 /* XCRemoteSwiftPackageReference "InfiniteLayout" */,
				01BAD89921AF9C8A6AFE25FE /* XCRemoteSwiftPackageReference "HeadPageKit" */,
			);
			productRefGroup = B0EC0DE4410F045B4663F755 /* Products */;
			projectDirPath = "";
			projectRoot = "";
			targets = (
				8EC4FEC6160BFFA2DE607628 /* JobPlanetMyPage */,
			);
		};
/* End PBXProject section */

/* Begin PBXResourcesBuildPhase section */
		F6158691CCC7AE686B848A21 /* Resources */ = {
			isa = PBXResourcesBuildPhase;
			buildActionMask = 2147483647;
			files = (
				39E091CB14F5A685FAAAC4BA /* Main.storyboard in Resources */,
				A818CE5561DF0E4878BA3F97 /* SearchHomeHeaderRankCell.xib in Resources */,
				9174FA9593FB478A61860EE1 /* SearchHomeHeaderView.xib in Resources */,
				6C157A70285B298B004D0A3A /* HeadLineViewCell.xib in Resources */,
				5F66553C0D8BFCDB19310C74 /* MentoringMockData.SearchHome.HeadLine.json in Resources */,
				B64852286A36E18A4927F38C /* MentoringMockData.SearchHome.Ranking.json in Resources */,
				C4D3F2AFE8CB0B58F2FB10EF /* JobGroup.storyboard in Resources */,
				49538D72406939C01203A9E1 /* MypageSetting.storyboard in Resources */,
				E2A7C470272397E76DEFD875 /* NavigationView.xib in Resources */,
				13418E908E60A058C8B3BE5F /* Offer.storyboard in Resources */,
				F6B859BC92858F2ADCED497B /* Assets.xcassets in Resources */,
				6C157A76285B647C004D0A3A /* InfinityCollectionViewCell.xib in Resources */,
				35F42EB21E7915E4CB8C17AA /* LaunchScreen.storyboard in Resources */,
			);
			runOnlyForDeploymentPostprocessing = 0;
		};
/* End PBXResourcesBuildPhase section */

/* Begin PBXSourcesBuildPhase section */
		B101C9644A80AE9253D2E442 /* Sources */ = {
			isa = PBXSourcesBuildPhase;
			buildActionMask = 2147483647;
			files = (
				AC3E37FEC79FC0895BAFBE02 /* TuistAssets+JobPlanetMyPage.swift in Sources */,
				9DF4E45FA8F1C0CDBA108DC1 /* TuistBundle+JobPlanetMyPage.swift in Sources */,
				28E1C02FB4780ED96279C14B /* AppDelegate.swift in Sources */,
				6C157A6F285B298B004D0A3A /* HeadLineViewCell.swift in Sources */,
				C65DCABC3D9CCE7882E36C65 /* SearchHomeHeaderRankCell.swift in Sources */,
				89D4BC87391B5BF81B62ECF9 /* SearchHomeHeaderView.swift in Sources */,
				6C157A75285B647C004D0A3A /* InfinityCollectionViewCell.swift in Sources */,
				0B3578791B9F89A78E79F6F3 /* SearchHomeViewModel.swift in Sources */,
				BEC2194F4A08A0A2FA6CE713 /* APIKit.swift in Sources */,
				8A0D09C8D813E2438056A8E3 /* Ex+UITableView.swift in Sources */,
				3305EE7D3F092E410DAF1105 /* Ex+UIView.swift in Sources */,
				AC04BCC8389DB100D19CA7C3 /* Ex+UIViewController.swift in Sources */,
				ED962EE1FE6677C54B454878 /* DesignView.swift in Sources */,
				0A56CF35AF942A07F576A6C2 /* HeadLine.swift in Sources */,
				140EFF9501909DFEDFAE4B46 /* SearchHome.swift in Sources */,
				BC9952EB41951002ABABE598 /* MentoringMockData.swift in Sources */,
				BDB119032FB2F371FD528A47 /* SearchHomeRepostiory.swift in Sources */,
				858B43625EE2640551471EE5 /* SearchHomeViewController.swift in Sources */,
				3EC7F16D48523CFF572EE56E /* JobGroupTableViewCell.swift in Sources */,
				560B62A4244CF8FBCC6C790B /* JobGroupViewController.swift in Sources */,
				AB65C112DB4144DF12BB0975 /* CellDataProtocol.swift in Sources */,
				C99E3A3A0A5FEBA729FB28B9 /* GrayTableViewCell.swift in Sources */,
				501FA72EDE4F3A428DD06927 /* MyPageListTableViewCell.swift in Sources */,
				745F5C0FD8B9F5B136896B6E /* ProfileFirstTableViewCell.swift in Sources */,
				2DB63EFEC6C814AA3C38BE32 /* MyPageSettingViewController.swift in Sources */,
				178BCAA3C7498EEC337F9C9D /* MyPageViewController.swift in Sources */,
				95C9A5B3A1E3F4FDC50AB418 /* NavigationView.swift in Sources */,
				4B9988707E1BBF5ECD8859BC /* OfferDetailViewController.swift in Sources */,
				95ADD894E6D48A182880F954 /* OfferTableViewCell.swift in Sources */,
				4E66327B132742533E4A3F01 /* OfferViewController.swift in Sources */,
			);
			runOnlyForDeploymentPostprocessing = 0;
		};
/* End PBXSourcesBuildPhase section */

/* Begin PBXVariantGroup section */
		371E10D9880CA638629D00FE /* Main.storyboard */ = {
			isa = PBXVariantGroup;
			children = (
				4667C0A5F23DC9C1962FC97E /* Base */,
			);
			name = Main.storyboard;
			sourceTree = "<group>";
		};
		938126F3BDB9BCF20B4E3A81 /* LaunchScreen.storyboard */ = {
			isa = PBXVariantGroup;
			children = (
				C25BB1C71A7EE5C962F8AEFC /* Base */,
			);
			name = LaunchScreen.storyboard;
			sourceTree = "<group>";
		};
/* End PBXVariantGroup section */

/* Begin XCBuildConfiguration section */
		63333DEAEAE5DA44BBDC5B93 /* Release */ = {
			isa = XCBuildConfiguration;
			buildSettings = {
				ASSETCATALOG_COMPILER_APPICON_NAME = AppIcon;
				CODE_SIGN_IDENTITY = "iPhone Developer";
				ENABLE_PREVIEWS = YES;
				INFOPLIST_FILE = "JobPlanetMyPage/Support Files/Info.plist";
				IPHONEOS_DEPLOYMENT_TARGET = 13.0;
				LD_RUNPATH_SEARCH_PATHS = (
					"$(inherited)",
					"@executable_path/Frameworks",
				);
				PRODUCT_BUNDLE_IDENTIFIER = com.julia.test.JobPlanetMyPage;
				PRODUCT_NAME = JobPlanetMyPage;
				SDKROOT = iphoneos;
				SUPPORTS_MACCATALYST = NO;
				SWIFT_COMPILATION_MODE = wholemodule;
				SWIFT_OPTIMIZATION_LEVEL = "-Owholemodule";
				SWIFT_VERSION = 5.5.2;
				TARGETED_DEVICE_FAMILY = 1;
			};
			name = Release;
		};
		69707E9DAC516A728D5E552C /* Release */ = {
			isa = XCBuildConfiguration;
			buildSettings = {
				ALWAYS_SEARCH_USER_PATHS = NO;
				CLANG_ANALYZER_LOCALIZABILITY_NONLOCALIZED = YES;
				CLANG_ANALYZER_NONNULL = YES;
				CLANG_ANALYZER_NUMBER_OBJECT_CONVERSION = YES_AGGRESSIVE;
				CLANG_CXX_LANGUAGE_STANDARD = "gnu++14";
				CLANG_CXX_LIBRARY = "libc++";
				CLANG_ENABLE_MODULES = YES;
				CLANG_ENABLE_OBJC_ARC = YES;
				CLANG_ENABLE_OBJC_WEAK = YES;
				CLANG_WARN_BLOCK_CAPTURE_AUTORELEASING = YES;
				CLANG_WARN_BOOL_CONVERSION = YES;
				CLANG_WARN_COMMA = YES;
				CLANG_WARN_CONSTANT_CONVERSION = YES;
				CLANG_WARN_DEPRECATED_OBJC_IMPLEMENTATIONS = YES;
				CLANG_WARN_DIRECT_OBJC_ISA_USAGE = YES_ERROR;
				CLANG_WARN_DOCUMENTATION_COMMENTS = YES;
				CLANG_WARN_EMPTY_BODY = YES;
				CLANG_WARN_ENUM_CONVERSION = YES;
				CLANG_WARN_INFINITE_RECURSION = YES;
				CLANG_WARN_INT_CONVERSION = YES;
				CLANG_WARN_NON_LITERAL_NULL_CONVERSION = YES;
				CLANG_WARN_OBJC_IMPLICIT_RETAIN_SELF = YES;
				CLANG_WARN_OBJC_LITERAL_CONVERSION = YES;
				CLANG_WARN_OBJC_ROOT_CLASS = YES_ERROR;
				CLANG_WARN_QUOTED_INCLUDE_IN_FRAMEWORK_HEADER = YES;
				CLANG_WARN_RANGE_LOOP_ANALYSIS = YES;
				CLANG_WARN_STRICT_PROTOTYPES = YES;
				CLANG_WARN_SUSPICIOUS_MOVE = YES;
				CLANG_WARN_UNGUARDED_AVAILABILITY = YES_AGGRESSIVE;
				CLANG_WARN_UNREACHABLE_CODE = YES;
				CLANG_WARN__DUPLICATE_METHOD_MATCH = YES;
				COPY_PHASE_STRIP = NO;
				DEBUG_INFORMATION_FORMAT = "dwarf-with-dsym";
				ENABLE_NS_ASSERTIONS = NO;
				ENABLE_STRICT_OBJC_MSGSEND = YES;
				GCC_C_LANGUAGE_STANDARD = gnu11;
				GCC_NO_COMMON_BLOCKS = YES;
				GCC_WARN_64_TO_32_BIT_CONVERSION = YES;
				GCC_WARN_ABOUT_RETURN_TYPE = YES_ERROR;
				GCC_WARN_UNDECLARED_SELECTOR = YES;
				GCC_WARN_UNINITIALIZED_AUTOS = YES_AGGRESSIVE;
				GCC_WARN_UNUSED_FUNCTION = YES;
				GCC_WARN_UNUSED_VARIABLE = YES;
				MTL_ENABLE_DEBUG_INFO = NO;
				PRODUCT_NAME = "$(TARGET_NAME)";
				VALIDATE_PRODUCT = YES;
			};
			name = Release;
		};
		6D17EC3F024EECD9FA7FFD33 /* Debug */ = {
			isa = XCBuildConfiguration;
			buildSettings = {
				ASSETCATALOG_COMPILER_APPICON_NAME = AppIcon;
				CODE_SIGN_IDENTITY = "iPhone Developer";
				ENABLE_PREVIEWS = YES;
				INFOPLIST_FILE = "JobPlanetMyPage/Support Files/Info.plist";
				IPHONEOS_DEPLOYMENT_TARGET = 13.0;
				LD_RUNPATH_SEARCH_PATHS = (
					"$(inherited)",
					"@executable_path/Frameworks",
				);
				PRODUCT_BUNDLE_IDENTIFIER = com.julia.test.JobPlanetMyPage;
				PRODUCT_NAME = JobPlanetMyPage;
				SDKROOT = iphoneos;
				SUPPORTS_MACCATALYST = NO;
				SWIFT_ACTIVE_COMPILATION_CONDITIONS = DEBUG;
				SWIFT_COMPILATION_MODE = singlefile;
				SWIFT_OPTIMIZATION_LEVEL = "-Onone";
				SWIFT_VERSION = 5.5.2;
				TARGETED_DEVICE_FAMILY = 1;
			};
			name = Debug;
		};
		F90D5D9D146542BB12688CA6 /* Debug */ = {
			isa = XCBuildConfiguration;
			buildSettings = {
				ALWAYS_SEARCH_USER_PATHS = NO;
				CLANG_ANALYZER_LOCALIZABILITY_NONLOCALIZED = YES;
				CLANG_ANALYZER_NONNULL = YES;
				CLANG_ANALYZER_NUMBER_OBJECT_CONVERSION = YES_AGGRESSIVE;
				CLANG_CXX_LANGUAGE_STANDARD = "gnu++14";
				CLANG_CXX_LIBRARY = "libc++";
				CLANG_ENABLE_MODULES = YES;
				CLANG_ENABLE_OBJC_ARC = YES;
				CLANG_ENABLE_OBJC_WEAK = YES;
				CLANG_WARN_BLOCK_CAPTURE_AUTORELEASING = YES;
				CLANG_WARN_BOOL_CONVERSION = YES;
				CLANG_WARN_COMMA = YES;
				CLANG_WARN_CONSTANT_CONVERSION = YES;
				CLANG_WARN_DEPRECATED_OBJC_IMPLEMENTATIONS = YES;
				CLANG_WARN_DIRECT_OBJC_ISA_USAGE = YES_ERROR;
				CLANG_WARN_DOCUMENTATION_COMMENTS = YES;
				CLANG_WARN_EMPTY_BODY = YES;
				CLANG_WARN_ENUM_CONVERSION = YES;
				CLANG_WARN_INFINITE_RECURSION = YES;
				CLANG_WARN_INT_CONVERSION = YES;
				CLANG_WARN_NON_LITERAL_NULL_CONVERSION = YES;
				CLANG_WARN_OBJC_IMPLICIT_RETAIN_SELF = YES;
				CLANG_WARN_OBJC_LITERAL_CONVERSION = YES;
				CLANG_WARN_OBJC_ROOT_CLASS = YES_ERROR;
				CLANG_WARN_QUOTED_INCLUDE_IN_FRAMEWORK_HEADER = YES;
				CLANG_WARN_RANGE_LOOP_ANALYSIS = YES;
				CLANG_WARN_STRICT_PROTOTYPES = YES;
				CLANG_WARN_SUSPICIOUS_MOVE = YES;
				CLANG_WARN_UNGUARDED_AVAILABILITY = YES_AGGRESSIVE;
				CLANG_WARN_UNREACHABLE_CODE = YES;
				CLANG_WARN__DUPLICATE_METHOD_MATCH = YES;
				COPY_PHASE_STRIP = NO;
				DEBUG_INFORMATION_FORMAT = dwarf;
				ENABLE_STRICT_OBJC_MSGSEND = YES;
				ENABLE_TESTABILITY = YES;
				GCC_C_LANGUAGE_STANDARD = gnu11;
				GCC_DYNAMIC_NO_PIC = NO;
				GCC_NO_COMMON_BLOCKS = YES;
				GCC_OPTIMIZATION_LEVEL = 0;
				GCC_PREPROCESSOR_DEFINITIONS = (
					"DEBUG=1",
					"$(inherited)",
				);
				GCC_WARN_64_TO_32_BIT_CONVERSION = YES;
				GCC_WARN_ABOUT_RETURN_TYPE = YES_ERROR;
				GCC_WARN_UNDECLARED_SELECTOR = YES;
				GCC_WARN_UNINITIALIZED_AUTOS = YES_AGGRESSIVE;
				GCC_WARN_UNUSED_FUNCTION = YES;
				GCC_WARN_UNUSED_VARIABLE = YES;
				MTL_ENABLE_DEBUG_INFO = YES;
				ONLY_ACTIVE_ARCH = YES;
				PRODUCT_NAME = "$(TARGET_NAME)";
			};
			name = Debug;
		};
/* End XCBuildConfiguration section */

/* Begin XCConfigurationList section */
		4D5F9E222B4052DB685FC761 /* Build configuration list for PBXNativeTarget "JobPlanetMyPage" */ = {
			isa = XCConfigurationList;
			buildConfigurations = (
				6D17EC3F024EECD9FA7FFD33 /* Debug */,
				63333DEAEAE5DA44BBDC5B93 /* Release */,
			);
			defaultConfigurationIsVisible = 0;
			defaultConfigurationName = Release;
		};
		FC1D8D8BA106ADC093FB4B81 /* Build configuration list for PBXProject "JobPlanetMyPage" */ = {
			isa = XCConfigurationList;
			buildConfigurations = (
				F90D5D9D146542BB12688CA6 /* Debug */,
				69707E9DAC516A728D5E552C /* Release */,
			);
			defaultConfigurationIsVisible = 0;
			defaultConfigurationName = Release;
		};
/* End XCConfigurationList section */

/* Begin XCRemoteSwiftPackageReference section */
		01BAD89921AF9C8A6AFE25FE /* XCRemoteSwiftPackageReference "HeadPageKit" */ = {
			isa = XCRemoteSwiftPackageReference;
			repositoryURL = "https://github.com/bugkingK/HeadPageKit";
			requirement = {
				branch = main;
				kind = branch;
			};
		};
		6DF35957A84060007D88DF42 /* XCRemoteSwiftPackageReference "InfiniteLayout" */ = {
			isa = XCRemoteSwiftPackageReference;
			repositoryURL = "https://github.com/arnauddorgans/InfiniteLayout.git";
			requirement = {
				branch = master;
				kind = branch;
			};
		};
/* End XCRemoteSwiftPackageReference section */

/* Begin XCSwiftPackageProductDependency section */
		83DAD738632442B36EB224D9 /* UnderLineTextField */ = {
			isa = XCSwiftPackageProductDependency;
			productName = UnderLineTextField;
		};
		DA6C0E76CDD2058056CCED19 /* InfiniteLayout */ = {
			isa = XCSwiftPackageProductDependency;
			productName = InfiniteLayout;
		};
		E5151EC7C11CCF61499A4DEB /* HeadPageKit */ = {
			isa = XCSwiftPackageProductDependency;
			productName = HeadPageKit;
		};
		E5F2EDEF25C740F0356F5BD1 /* TagListView */ = {
			isa = XCSwiftPackageProductDependency;
			productName = TagListView;
		};
/* End XCSwiftPackageProductDependency section */
	};
	rootObject = 3B8798044B4D4CE9E8472034 /* Project object */;
}
